Microsoft Visual Studio Solution File, Format Version 12.00
# Visual Studio Version 17
VisualStudioVersion = 17.5.2.0
MinimumVisualStudioVersion = 10.0.40219.1
Project("{FAE04EC0-301F-11D3-BF4B-00C04F79EFBC}") = "UnidadeTeste", "UnidadeTeste.csproj", "{A1D5720A-A16C-CA04-1DA7-2F246ADD3CCA}"
EndProject
Global
	GlobalSection(SolutionConfigurationPlatforms) = preSolution
		Debug|Any CPU = Debug|Any CPU
		Release|Any CPU = Release|Any CPU
	EndGlobalSection
	GlobalSection(ProjectConfigurationPlatforms) = postSolution
		{A1D5720A-A16C-CA04-1DA7-2F246ADD3CCA}.Debug|Any CPU.ActiveCfg = Debug|Any CPU
		{A1D5720A-A16C-CA04-1DA7-2F246ADD3CCA}.Debug|Any CPU.Build.0 = Debug|Any CPU
		{A1D5720A-A16C-CA04-1DA7-2F246ADD3CCA}.Release|Any CPU.ActiveCfg = Release|Any CPU
		{A1D5720A-A16C-CA04-1DA7-2F246ADD3CCA}.Release|Any CPU.Build.0 = Release|Any CPU
	EndGlobalSection
	GlobalSection(SolutionProperties) = preSolution
		HideSolutionNode = FALSE
	EndGlobalSection
	GlobalSection(ExtensibilityGlobals) = postSolution
		SolutionGuid = {487E8113-DA81-4CF3-8A57-994D3164132D}
	EndGlobalSection
EndGlobal
