
Microsoft Visual Studio Solution File, Format Version 12.00
# Visual Studio Version 17
VisualStudioVersion = 17.5.002.0
MinimumVisualStudioVersion = 10.0.40219.1
Project("{9A19103F-16F7-4668-BE54-9A1E7A4F7556}") = "Teste", "Teste.csproj", "{272DA061-E130-42E6-9731-C78FC1925377}"
EndProject
Global
	GlobalSection(SolutionConfigurationPlatforms) = preSolution
		Debug|Any CPU = Debug|Any CPU
		Release|Any CPU = Release|Any CPU
	EndGlobalSection
	GlobalSection(ProjectConfigurationPlatforms) = postSolution
		{272DA061-E130-42E6-9731-C78FC1925377}.Debug|Any CPU.ActiveCfg = Debug|Any CPU
		{272DA061-E130-42E6-9731-C78FC1925377}.Debug|Any CPU.Build.0 = Debug|Any CPU
		{272DA061-E130-42E6-9731-C78FC1925377}.Release|Any CPU.ActiveCfg = Release|Any CPU
		{272DA061-E130-42E6-9731-C78FC1925377}.Release|Any CPU.Build.0 = Release|Any CPU
	EndGlobalSection
	GlobalSection(SolutionProperties) = preSolution
		HideSolutionNode = FALSE
	EndGlobalSection
	GlobalSection(ExtensibilityGlobals) = postSolution
		SolutionGuid = {8AD24B6C-B6B0-4448-B122-E4E1E3D9C436}
	EndGlobalSection
EndGlobal
